
Microsoft Visual Studio Solution File, Format Version 12.00
# Visual Studio Version 16
VisualStudioVersion = 16.0.29411.108
MinimumVisualStudioVersion = 10.0.40219.1
Project("{9A19103F-16F7-4668-BE54-9A1E7A4F7556}") = "AcademyExercises", "AcademyExercises\AcademyExercises.csproj", "{B5F902C5-5259-4C3B-9AEC-EDCB051C914C}"
EndProject
Project("{9A19103F-16F7-4668-BE54-9A1E7A4F7556}") = "Methods", "Methods\Methods.csproj", "{41974E86-C261-434C-B849-2066AC154FB4}"
EndProject
Project("{9A19103F-16F7-4668-BE54-9A1E7A4F7556}") = "Battleships", "Battleships\Battleships.csproj", "{2C8CF5C7-E2DB-4992-9A2F-52E86302DC10}"
EndProject
Project("{9A19103F-16F7-4668-BE54-9A1E7A4F7556}") = "Properties", "Properties\Properties.csproj", "{7CEAC6E2-895E-4A45-92CF-877C1D525BEF}"
EndProject
Project("{9A19103F-16F7-4668-BE54-9A1E7A4F7556}") = "PropertiesViktor", "PropertiesViktor\PropertiesViktor.csproj", "{11DC18EE-4B56-406B-A454-0059A28AA45D}"
EndProject
Project("{9A19103F-16F7-4668-BE54-9A1E7A4F7556}") = "Lists", "Lists\Lists.csproj", "{4EBFB5E7-9356-4864-A9F2-30CE13A0FE62}"
EndProject
Project("{9A19103F-16F7-4668-BE54-9A1E7A4F7556}") = "ClassExercise", "ClassExercise\ClassExercise.csproj", "{7E866BE6-BF51-4490-A8FB-C0508F16CAF1}"
EndProject
Project("{9A19103F-16F7-4668-BE54-9A1E7A4F7556}") = "PontusRep", "PontusRep\PontusRep.csproj", "{95573A0C-D684-49B7-B12D-30B514AEB5EB}"
EndProject
Project("{9A19103F-16F7-4668-BE54-9A1E7A4F7556}") = "UnitTests", "UnitTests\UnitTests.csproj", "{4A0E3BE4-F1A4-4220-B6AA-0EF141FC8CB3}"
EndProject
Project("{9A19103F-16F7-4668-BE54-9A1E7A4F7556}") = "UnitTestDemo.Test", "UnitTestDemo.Test\UnitTestDemo.Test.csproj", "{C6079EA9-372F-49D7-8774-9F7678A194E9}"
EndProject
Project("{9A19103F-16F7-4668-BE54-9A1E7A4F7556}") = "PontusOODemo", "PontusOODemo\PontusOODemo.csproj", "{209901FF-1885-40EC-96FF-DAF21A7C50A6}"
EndProject
Project("{9A19103F-16F7-4668-BE54-9A1E7A4F7556}") = "ConsoleUtils", "ConsoleUtils\ConsoleUtils.csproj", "{E906C672-8FDB-4D59-8C49-F5FEFAABD07E}"
EndProject
Project("{9A19103F-16F7-4668-BE54-9A1E7A4F7556}") = "DelegatesDemo", "DelegatesDemo\DelegatesDemo.csproj", "{46D6585E-84B3-4E85-9DE1-555A97F87775}"
EndProject
Project("{9A19103F-16F7-4668-BE54-9A1E7A4F7556}") = "LINQDemo", "LINQDemo\LINQDemo.csproj", "{DAF45B20-2F9B-48BB-BEE5-C3D40AB217C2}"
EndProject
Project("{9A19103F-16F7-4668-BE54-9A1E7A4F7556}") = "RegEx", "RegEx\RegEx.csproj", "{F9896203-259C-41CF-9532-003B41656594}"
EndProject
Project("{9A19103F-16F7-4668-BE54-9A1E7A4F7556}") = "Company", "Company\Company.csproj", "{564EC640-D38B-4BEB-B95D-633950171633}"
EndProject
Project("{9A19103F-16F7-4668-BE54-9A1E7A4F7556}") = "ExtensionMethods", "ExtensionMethods\ExtensionMethods.csproj", "{D13DA3F5-29E8-45F0-B152-B6EB03CC57D7}"
EndProject
Project("{9A19103F-16F7-4668-BE54-9A1E7A4F7556}") = "CompanyMerge", "CompanyMerge\CompanyMerge.csproj", "{B679CDB3-7BC5-495D-B920-6AD8C049C3C5}"
EndProject
Project("{9A19103F-16F7-4668-BE54-9A1E7A4F7556}") = "Delegater01", "Delegater01\Delegater01.csproj", "{F02F1931-6341-4078-9ADA-2EC4D3D70476}"
EndProject
Project("{9A19103F-16F7-4668-BE54-9A1E7A4F7556}") = "GenericDemo", "GenericDemo\GenericDemo.csproj", "{64ABDC47-A05B-4EA6-B30A-D4C568058F0B}"
EndProject
Project("{FAE04EC0-301F-11D3-BF4B-00C04F79EFBC}") = "LINQ24", "LINQ24\LINQ24.csproj", "{31A0FB2C-7DB0-4A82-BEDF-62C96F90B6A2}"
EndProject
Global
	GlobalSection(SolutionConfigurationPlatforms) = preSolution
		Debug|Any CPU = Debug|Any CPU
		Release|Any CPU = Release|Any CPU
	EndGlobalSection
	GlobalSection(ProjectConfigurationPlatforms) = postSolution
		{B5F902C5-5259-4C3B-9AEC-EDCB051C914C}.Debug|Any CPU.ActiveCfg = Debug|Any CPU
		{B5F902C5-5259-4C3B-9AEC-EDCB051C914C}.Debug|Any CPU.Build.0 = Debug|Any CPU
		{B5F902C5-5259-4C3B-9AEC-EDCB051C914C}.Release|Any CPU.ActiveCfg = Release|Any CPU
		{B5F902C5-5259-4C3B-9AEC-EDCB051C914C}.Release|Any CPU.Build.0 = Release|Any CPU
		{41974E86-C261-434C-B849-2066AC154FB4}.Debug|Any CPU.ActiveCfg = Debug|Any CPU
		{41974E86-C261-434C-B849-2066AC154FB4}.Debug|Any CPU.Build.0 = Debug|Any CPU
		{41974E86-C261-434C-B849-2066AC154FB4}.Release|Any CPU.ActiveCfg = Release|Any CPU
		{41974E86-C261-434C-B849-2066AC154FB4}.Release|Any CPU.Build.0 = Release|Any CPU
		{2C8CF5C7-E2DB-4992-9A2F-52E86302DC10}.Debug|Any CPU.ActiveCfg = Debug|Any CPU
		{2C8CF5C7-E2DB-4992-9A2F-52E86302DC10}.Debug|Any CPU.Build.0 = Debug|Any CPU
		{2C8CF5C7-E2DB-4992-9A2F-52E86302DC10}.Release|Any CPU.ActiveCfg = Release|Any CPU
		{2C8CF5C7-E2DB-4992-9A2F-52E86302DC10}.Release|Any CPU.Build.0 = Release|Any CPU
		{7CEAC6E2-895E-4A45-92CF-877C1D525BEF}.Debug|Any CPU.ActiveCfg = Debug|Any CPU
		{7CEAC6E2-895E-4A45-92CF-877C1D525BEF}.Debug|Any CPU.Build.0 = Debug|Any CPU
		{7CEAC6E2-895E-4A45-92CF-877C1D525BEF}.Release|Any CPU.ActiveCfg = Release|Any CPU
		{7CEAC6E2-895E-4A45-92CF-877C1D525BEF}.Release|Any CPU.Build.0 = Release|Any CPU
		{11DC18EE-4B56-406B-A454-0059A28AA45D}.Debug|Any CPU.ActiveCfg = Debug|Any CPU
		{11DC18EE-4B56-406B-A454-0059A28AA45D}.Debug|Any CPU.Build.0 = Debug|Any CPU
		{11DC18EE-4B56-406B-A454-0059A28AA45D}.Release|Any CPU.ActiveCfg = Release|Any CPU
		{11DC18EE-4B56-406B-A454-0059A28AA45D}.Release|Any CPU.Build.0 = Release|Any CPU
		{4EBFB5E7-9356-4864-A9F2-30CE13A0FE62}.Debug|Any CPU.ActiveCfg = Debug|Any CPU
		{4EBFB5E7-9356-4864-A9F2-30CE13A0FE62}.Debug|Any CPU.Build.0 = Debug|Any CPU
		{4EBFB5E7-9356-4864-A9F2-30CE13A0FE62}.Release|Any CPU.ActiveCfg = Release|Any CPU
		{4EBFB5E7-9356-4864-A9F2-30CE13A0FE62}.Release|Any CPU.Build.0 = Release|Any CPU
		{7E866BE6-BF51-4490-A8FB-C0508F16CAF1}.Debug|Any CPU.ActiveCfg = Debug|Any CPU
		{7E866BE6-BF51-4490-A8FB-C0508F16CAF1}.Debug|Any CPU.Build.0 = Debug|Any CPU
		{7E866BE6-BF51-4490-A8FB-C0508F16CAF1}.Release|Any CPU.ActiveCfg = Release|Any CPU
		{7E866BE6-BF51-4490-A8FB-C0508F16CAF1}.Release|Any CPU.Build.0 = Release|Any CPU
		{95573A0C-D684-49B7-B12D-30B514AEB5EB}.Debug|Any CPU.ActiveCfg = Debug|Any CPU
		{95573A0C-D684-49B7-B12D-30B514AEB5EB}.Debug|Any CPU.Build.0 = Debug|Any CPU
		{95573A0C-D684-49B7-B12D-30B514AEB5EB}.Release|Any CPU.ActiveCfg = Release|Any CPU
		{95573A0C-D684-49B7-B12D-30B514AEB5EB}.Release|Any CPU.Build.0 = Release|Any CPU
		{4A0E3BE4-F1A4-4220-B6AA-0EF141FC8CB3}.Debug|Any CPU.ActiveCfg = Debug|Any CPU
		{4A0E3BE4-F1A4-4220-B6AA-0EF141FC8CB3}.Debug|Any CPU.Build.0 = Debug|Any CPU
		{4A0E3BE4-F1A4-4220-B6AA-0EF141FC8CB3}.Release|Any CPU.ActiveCfg = Release|Any CPU
		{4A0E3BE4-F1A4-4220-B6AA-0EF141FC8CB3}.Release|Any CPU.Build.0 = Release|Any CPU
		{C6079EA9-372F-49D7-8774-9F7678A194E9}.Debug|Any CPU.ActiveCfg = Debug|Any CPU
		{C6079EA9-372F-49D7-8774-9F7678A194E9}.Debug|Any CPU.Build.0 = Debug|Any CPU
		{C6079EA9-372F-49D7-8774-9F7678A194E9}.Release|Any CPU.ActiveCfg = Release|Any CPU
		{C6079EA9-372F-49D7-8774-9F7678A194E9}.Release|Any CPU.Build.0 = Release|Any CPU
		{209901FF-1885-40EC-96FF-DAF21A7C50A6}.Debug|Any CPU.ActiveCfg = Debug|Any CPU
		{209901FF-1885-40EC-96FF-DAF21A7C50A6}.Debug|Any CPU.Build.0 = Debug|Any CPU
		{209901FF-1885-40EC-96FF-DAF21A7C50A6}.Release|Any CPU.ActiveCfg = Release|Any CPU
		{209901FF-1885-40EC-96FF-DAF21A7C50A6}.Release|Any CPU.Build.0 = Release|Any CPU
		{E906C672-8FDB-4D59-8C49-F5FEFAABD07E}.Debug|Any CPU.ActiveCfg = Debug|Any CPU
		{E906C672-8FDB-4D59-8C49-F5FEFAABD07E}.Debug|Any CPU.Build.0 = Debug|Any CPU
		{E906C672-8FDB-4D59-8C49-F5FEFAABD07E}.Release|Any CPU.ActiveCfg = Release|Any CPU
		{E906C672-8FDB-4D59-8C49-F5FEFAABD07E}.Release|Any CPU.Build.0 = Release|Any CPU
		{46D6585E-84B3-4E85-9DE1-555A97F87775}.Debug|Any CPU.ActiveCfg = Debug|Any CPU
		{46D6585E-84B3-4E85-9DE1-555A97F87775}.Debug|Any CPU.Build.0 = Debug|Any CPU
		{46D6585E-84B3-4E85-9DE1-555A97F87775}.Release|Any CPU.ActiveCfg = Release|Any CPU
		{46D6585E-84B3-4E85-9DE1-555A97F87775}.Release|Any CPU.Build.0 = Release|Any CPU
		{DAF45B20-2F9B-48BB-BEE5-C3D40AB217C2}.Debug|Any CPU.ActiveCfg = Debug|Any CPU
		{DAF45B20-2F9B-48BB-BEE5-C3D40AB217C2}.Debug|Any CPU.Build.0 = Debug|Any CPU
		{DAF45B20-2F9B-48BB-BEE5-C3D40AB217C2}.Release|Any CPU.ActiveCfg = Release|Any CPU
		{DAF45B20-2F9B-48BB-BEE5-C3D40AB217C2}.Release|Any CPU.Build.0 = Release|Any CPU
		{F9896203-259C-41CF-9532-003B41656594}.Debug|Any CPU.ActiveCfg = Debug|Any CPU
		{F9896203-259C-41CF-9532-003B41656594}.Debug|Any CPU.Build.0 = Debug|Any CPU
		{F9896203-259C-41CF-9532-003B41656594}.Release|Any CPU.ActiveCfg = Release|Any CPU
		{F9896203-259C-41CF-9532-003B41656594}.Release|Any CPU.Build.0 = Release|Any CPU
		{564EC640-D38B-4BEB-B95D-633950171633}.Debug|Any CPU.ActiveCfg = Debug|Any CPU
		{564EC640-D38B-4BEB-B95D-633950171633}.Debug|Any CPU.Build.0 = Debug|Any CPU
		{564EC640-D38B-4BEB-B95D-633950171633}.Release|Any CPU.ActiveCfg = Release|Any CPU
		{564EC640-D38B-4BEB-B95D-633950171633}.Release|Any CPU.Build.0 = Release|Any CPU
		{D13DA3F5-29E8-45F0-B152-B6EB03CC57D7}.Debug|Any CPU.ActiveCfg = Debug|Any CPU
		{D13DA3F5-29E8-45F0-B152-B6EB03CC57D7}.Debug|Any CPU.Build.0 = Debug|Any CPU
		{D13DA3F5-29E8-45F0-B152-B6EB03CC57D7}.Release|Any CPU.ActiveCfg = Release|Any CPU
		{D13DA3F5-29E8-45F0-B152-B6EB03CC57D7}.Release|Any CPU.Build.0 = Release|Any CPU
		{B679CDB3-7BC5-495D-B920-6AD8C049C3C5}.Debug|Any CPU.ActiveCfg = Debug|Any CPU
		{B679CDB3-7BC5-495D-B920-6AD8C049C3C5}.Debug|Any CPU.Build.0 = Debug|Any CPU
		{B679CDB3-7BC5-495D-B920-6AD8C049C3C5}.Release|Any CPU.ActiveCfg = Release|Any CPU
		{B679CDB3-7BC5-495D-B920-6AD8C049C3C5}.Release|Any CPU.Build.0 = Release|Any CPU
		{F02F1931-6341-4078-9ADA-2EC4D3D70476}.Debug|Any CPU.ActiveCfg = Debug|Any CPU
		{F02F1931-6341-4078-9ADA-2EC4D3D70476}.Debug|Any CPU.Build.0 = Debug|Any CPU
		{F02F1931-6341-4078-9ADA-2EC4D3D70476}.Release|Any CPU.ActiveCfg = Release|Any CPU
		{F02F1931-6341-4078-9ADA-2EC4D3D70476}.Release|Any CPU.Build.0 = Release|Any CPU
		{64ABDC47-A05B-4EA6-B30A-D4C568058F0B}.Debug|Any CPU.ActiveCfg = Debug|Any CPU
		{64ABDC47-A05B-4EA6-B30A-D4C568058F0B}.Debug|Any CPU.Build.0 = Debug|Any CPU
		{64ABDC47-A05B-4EA6-B30A-D4C568058F0B}.Release|Any CPU.ActiveCfg = Release|Any CPU
		{64ABDC47-A05B-4EA6-B30A-D4C568058F0B}.Release|Any CPU.Build.0 = Release|Any CPU
		{31A0FB2C-7DB0-4A82-BEDF-62C96F90B6A2}.Debug|Any CPU.ActiveCfg = Debug|Any CPU
		{31A0FB2C-7DB0-4A82-BEDF-62C96F90B6A2}.Debug|Any CPU.Build.0 = Debug|Any CPU
		{31A0FB2C-7DB0-4A82-BEDF-62C96F90B6A2}.Release|Any CPU.ActiveCfg = Release|Any CPU
		{31A0FB2C-7DB0-4A82-BEDF-62C96F90B6A2}.Release|Any CPU.Build.0 = Release|Any CPU
	EndGlobalSection
	GlobalSection(SolutionProperties) = preSolution
		HideSolutionNode = FALSE
	EndGlobalSection
	GlobalSection(ExtensibilityGlobals) = postSolution
		SolutionGuid = {19239055-69A8-4275-AE5A-041BD4CC68FB}
	EndGlobalSection
EndGlobal
